
Microsoft Visual Studio Solution File, Format Version 12.00
# Visual Studio Version 17
VisualStudioVersion = 17.9.34714.143
MinimumVisualStudioVersion = 10.0.40219.1
Project("{9A19103F-16F7-4668-BE54-9A1E7A4F7556}") = "MyDynamicForms.Presentation", "MyDynamicForms.Presentation.csproj", "{9C8E5993-0F08-4762-9272-26C4DEEA729C}"
EndProject
Project("{FAE04EC0-301F-11D3-BF4B-00C04F79EFBC}") = "MyDynamicForms.Infrastructure", "..\MyDynamicForms.Infrastructure\MyDynamicForms.Infrastructure.csproj", "{D910CD4E-67CD-4987-9415-0DEEF96CD3D7}"
EndProject
Project("{FAE04EC0-301F-11D3-BF4B-00C04F79EFBC}") = "MyDynamicForms.Application", "..\MyDynamicForms.Application\MyDynamicForms.Application.csproj", "{740028B9-FD70-433E-BFB0-9B64BA2D0611}"
EndProject
Project("{FAE04EC0-301F-11D3-BF4B-00C04F79EFBC}") = "MyDynamicForms.Domain", "..\MyDynamicForms.Domain\MyDynamicForms.Domain.csproj", "{D89D69FB-13EC-4F48-8337-8CC6782B3B3F}"
EndProject
Global
	GlobalSection(SolutionConfigurationPlatforms) = preSolution
		Debug|Any CPU = Debug|Any CPU
		Release|Any CPU = Release|Any CPU
	EndGlobalSection
	GlobalSection(ProjectConfigurationPlatforms) = postSolution
		{9C8E5993-0F08-4762-9272-26C4DEEA729C}.Debug|Any CPU.ActiveCfg = Debug|Any CPU
		{9C8E5993-0F08-4762-9272-26C4DEEA729C}.Debug|Any CPU.Build.0 = Debug|Any CPU
		{9C8E5993-0F08-4762-9272-26C4DEEA729C}.Release|Any CPU.ActiveCfg = Release|Any CPU
		{9C8E5993-0F08-4762-9272-26C4DEEA729C}.Release|Any CPU.Build.0 = Release|Any CPU
		{D910CD4E-67CD-4987-9415-0DEEF96CD3D7}.Debug|Any CPU.ActiveCfg = Debug|Any CPU
		{D910CD4E-67CD-4987-9415-0DEEF96CD3D7}.Debug|Any CPU.Build.0 = Debug|Any CPU
		{D910CD4E-67CD-4987-9415-0DEEF96CD3D7}.Release|Any CPU.ActiveCfg = Release|Any CPU
		{D910CD4E-67CD-4987-9415-0DEEF96CD3D7}.Release|Any CPU.Build.0 = Release|Any CPU
		{740028B9-FD70-433E-BFB0-9B64BA2D0611}.Debug|Any CPU.ActiveCfg = Debug|Any CPU
		{740028B9-FD70-433E-BFB0-9B64BA2D0611}.Debug|Any CPU.Build.0 = Debug|Any CPU
		{740028B9-FD70-433E-BFB0-9B64BA2D0611}.Release|Any CPU.ActiveCfg = Release|Any CPU
		{740028B9-FD70-433E-BFB0-9B64BA2D0611}.Release|Any CPU.Build.0 = Release|Any CPU
		{D89D69FB-13EC-4F48-8337-8CC6782B3B3F}.Debug|Any CPU.ActiveCfg = Debug|Any CPU
		{D89D69FB-13EC-4F48-8337-8CC6782B3B3F}.Debug|Any CPU.Build.0 = Debug|Any CPU
		{D89D69FB-13EC-4F48-8337-8CC6782B3B3F}.Release|Any CPU.ActiveCfg = Release|Any CPU
		{D89D69FB-13EC-4F48-8337-8CC6782B3B3F}.Release|Any CPU.Build.0 = Release|Any CPU
	EndGlobalSection
	GlobalSection(SolutionProperties) = preSolution
		HideSolutionNode = FALSE
	EndGlobalSection
	GlobalSection(ExtensibilityGlobals) = postSolution
		SolutionGuid = {8A02BEBC-E5FB-48D4-9F90-926EA3844CEB}
	EndGlobalSection
EndGlobal
